
Microsoft Visual Studio Solution File, Format Version 12.00
# Visual Studio Version 17
VisualStudioVersion = 17.2.32602.215
MinimumVisualStudioVersion = 10.0.40219.1
Project("{9A19103F-16F7-4668-BE54-9A1E7A4F7556}") = "ShortestSubSegment", "ShortestSubSegment\ShortestSubSegment.csproj", "{479A6FA0-C14B-4515-8866-17838AE37F33}"
EndProject
Project("{9A19103F-16F7-4668-BE54-9A1E7A4F7556}") = "TwoSum", "TwoSum\TwoSum.csproj", "{C5829B42-4B4F-448E-B7E5-303B050DC7F8}"
EndProject
Project("{9A19103F-16F7-4668-BE54-9A1E7A4F7556}") = "MaximunSubArray", "MaximunSubArray\MaximunSubArray.csproj", "{AB835C42-1409-4F21-9F77-4B24C68A66FB}"
EndProject
Project("{9A19103F-16F7-4668-BE54-9A1E7A4F7556}") = "MoveZeros", "MoveZeros\MoveZeros.csproj", "{D900EE7D-5A13-46E4-86A4-68D6EBB0066E}"
EndProject
Project("{9A19103F-16F7-4668-BE54-9A1E7A4F7556}") = "DivisibleSumPairs", "DvisibleSumPairs\DivisibleSumPairs.csproj", "{CCC5BFC7-C36F-4F43-9323-0816FD04A3E7}"
EndProject
Project("{9A19103F-16F7-4668-BE54-9A1E7A4F7556}") = "RomanLetterToInteger", "RomanLetterToInteger\RomanLetterToInteger.csproj", "{C976A1D2-9201-4D33-B07A-C6DD31C61631}"
EndProject
Project("{9A19103F-16F7-4668-BE54-9A1E7A4F7556}") = "CustomLinkedList", "CustomLinkedList\CustomLinkedList.csproj", "{34A4B526-3149-4614-A4D2-0630B197DC9F}"
EndProject
Project("{9A19103F-16F7-4668-BE54-9A1E7A4F7556}") = "BowlingScoreCard", "BowlingScoreCard\BowlingScoreCard.csproj", "{22BB6A35-D4F9-4383-A4C2-030D97300766}"
EndProject
Project("{9A19103F-16F7-4668-BE54-9A1E7A4F7556}") = "OptimizingBoxWeights", "OptimizingBoxWeights\OptimizingBoxWeights.csproj", "{9EB98165-5486-49EB-BBF4-20055DDD4C35}"
EndProject
Project("{9A19103F-16F7-4668-BE54-9A1E7A4F7556}") = "BinaryStringSwapPalindrome", "BinaryStringSwapPalindrome\BinaryStringSwapPalindrome.csproj", "{AE1C9FC4-689D-4AED-968B-BD008DD8AB49}"
EndProject
Project("{9A19103F-16F7-4668-BE54-9A1E7A4F7556}") = "CustomStackQueue", "CustomStackQueue\CustomStackQueue.csproj", "{8A68D5B2-1093-4C31-9E66-27CFFDB1A2A0}"
EndProject
Project("{9A19103F-16F7-4668-BE54-9A1E7A4F7556}") = "CustomBinaryTree", "CustomBinaryTree\CustomBinaryTree.csproj", "{F244E819-DEAF-4B36-9C72-4CA154CB3A64}"
EndProject
Project("{9A19103F-16F7-4668-BE54-9A1E7A4F7556}") = "FindFactorial", "FindFactorial\FindFactorial.csproj", "{38A57A76-52F9-48B8-B5D6-DD4088CB2E89}"
EndProject
Project("{9A19103F-16F7-4668-BE54-9A1E7A4F7556}") = "FibonacciSequence", "FibonacciSequence\FibonacciSequence.csproj", "{2432285C-32B4-47E3-B0DF-A264489CE7E9}"
EndProject
Project("{9A19103F-16F7-4668-BE54-9A1E7A4F7556}") = "ReverseStringRecursive", "ReverseStringRecursive\ReverseStringRecursive.csproj", "{575636E4-CD1E-4F09-996F-272CC327E472}"
EndProject
Project("{9A19103F-16F7-4668-BE54-9A1E7A4F7556}") = "EncodeStringLetters", "EncodeStringLetters\EncodeStringLetters.csproj", "{6A958646-9CFE-4B8D-9C0B-767879807F01}"
EndProject
Project("{9A19103F-16F7-4668-BE54-9A1E7A4F7556}") = "PalindromeLinkedList", "PalindromeLinkedList\PalindromeLinkedList.csproj", "{E40C178A-4196-4351-B33B-5880869A5B50}"
EndProject
Project("{9A19103F-16F7-4668-BE54-9A1E7A4F7556}") = "StringHaveSameLetters", "StringHaveSameLetters\StringHaveSameLetters.csproj", "{B5A7F9BF-1C13-44E1-B5F4-D6B0FB696F0F}"
EndProject
Project("{FAE04EC0-301F-11D3-BF4B-00C04F79EFBC}") = "SortAlgorithms", "CustomBubbleSort\SortAlgorithms.csproj", "{57AC942C-E0AE-45BA-AC05-C70C8C8EFDED}"
EndProject
Project("{FAE04EC0-301F-11D3-BF4B-00C04F79EFBC}") = "MinMaxSum", "MinMaxSum\MinMaxSum.csproj", "{5378ED02-43AD-4187-93AF-DE937A6BEE3A}"
EndProject
Global
	GlobalSection(SolutionConfigurationPlatforms) = preSolution
		Debug|Any CPU = Debug|Any CPU
		Release|Any CPU = Release|Any CPU
	EndGlobalSection
	GlobalSection(ProjectConfigurationPlatforms) = postSolution
		{479A6FA0-C14B-4515-8866-17838AE37F33}.Debug|Any CPU.ActiveCfg = Debug|Any CPU
		{479A6FA0-C14B-4515-8866-17838AE37F33}.Debug|Any CPU.Build.0 = Debug|Any CPU
		{479A6FA0-C14B-4515-8866-17838AE37F33}.Release|Any CPU.ActiveCfg = Release|Any CPU
		{479A6FA0-C14B-4515-8866-17838AE37F33}.Release|Any CPU.Build.0 = Release|Any CPU
		{C5829B42-4B4F-448E-B7E5-303B050DC7F8}.Debug|Any CPU.ActiveCfg = Debug|Any CPU
		{C5829B42-4B4F-448E-B7E5-303B050DC7F8}.Debug|Any CPU.Build.0 = Debug|Any CPU
		{C5829B42-4B4F-448E-B7E5-303B050DC7F8}.Release|Any CPU.ActiveCfg = Release|Any CPU
		{C5829B42-4B4F-448E-B7E5-303B050DC7F8}.Release|Any CPU.Build.0 = Release|Any CPU
		{AB835C42-1409-4F21-9F77-4B24C68A66FB}.Debug|Any CPU.ActiveCfg = Debug|Any CPU
		{AB835C42-1409-4F21-9F77-4B24C68A66FB}.Debug|Any CPU.Build.0 = Debug|Any CPU
		{AB835C42-1409-4F21-9F77-4B24C68A66FB}.Release|Any CPU.ActiveCfg = Release|Any CPU
		{AB835C42-1409-4F21-9F77-4B24C68A66FB}.Release|Any CPU.Build.0 = Release|Any CPU
		{D900EE7D-5A13-46E4-86A4-68D6EBB0066E}.Debug|Any CPU.ActiveCfg = Debug|Any CPU
		{D900EE7D-5A13-46E4-86A4-68D6EBB0066E}.Debug|Any CPU.Build.0 = Debug|Any CPU
		{D900EE7D-5A13-46E4-86A4-68D6EBB0066E}.Release|Any CPU.ActiveCfg = Release|Any CPU
		{D900EE7D-5A13-46E4-86A4-68D6EBB0066E}.Release|Any CPU.Build.0 = Release|Any CPU
		{CCC5BFC7-C36F-4F43-9323-0816FD04A3E7}.Debug|Any CPU.ActiveCfg = Debug|Any CPU
		{CCC5BFC7-C36F-4F43-9323-0816FD04A3E7}.Debug|Any CPU.Build.0 = Debug|Any CPU
		{CCC5BFC7-C36F-4F43-9323-0816FD04A3E7}.Release|Any CPU.ActiveCfg = Release|Any CPU
		{CCC5BFC7-C36F-4F43-9323-0816FD04A3E7}.Release|Any CPU.Build.0 = Release|Any CPU
		{C976A1D2-9201-4D33-B07A-C6DD31C61631}.Debug|Any CPU.ActiveCfg = Debug|Any CPU
		{C976A1D2-9201-4D33-B07A-C6DD31C61631}.Debug|Any CPU.Build.0 = Debug|Any CPU
		{C976A1D2-9201-4D33-B07A-C6DD31C61631}.Release|Any CPU.ActiveCfg = Release|Any CPU
		{C976A1D2-9201-4D33-B07A-C6DD31C61631}.Release|Any CPU.Build.0 = Release|Any CPU
		{34A4B526-3149-4614-A4D2-0630B197DC9F}.Debug|Any CPU.ActiveCfg = Debug|Any CPU
		{34A4B526-3149-4614-A4D2-0630B197DC9F}.Debug|Any CPU.Build.0 = Debug|Any CPU
		{34A4B526-3149-4614-A4D2-0630B197DC9F}.Release|Any CPU.ActiveCfg = Release|Any CPU
		{34A4B526-3149-4614-A4D2-0630B197DC9F}.Release|Any CPU.Build.0 = Release|Any CPU
		{22BB6A35-D4F9-4383-A4C2-030D97300766}.Debug|Any CPU.ActiveCfg = Debug|Any CPU
		{22BB6A35-D4F9-4383-A4C2-030D97300766}.Debug|Any CPU.Build.0 = Debug|Any CPU
		{22BB6A35-D4F9-4383-A4C2-030D97300766}.Release|Any CPU.ActiveCfg = Release|Any CPU
		{22BB6A35-D4F9-4383-A4C2-030D97300766}.Release|Any CPU.Build.0 = Release|Any CPU
		{9EB98165-5486-49EB-BBF4-20055DDD4C35}.Debug|Any CPU.ActiveCfg = Debug|Any CPU
		{9EB98165-5486-49EB-BBF4-20055DDD4C35}.Debug|Any CPU.Build.0 = Debug|Any CPU
		{9EB98165-5486-49EB-BBF4-20055DDD4C35}.Release|Any CPU.ActiveCfg = Release|Any CPU
		{9EB98165-5486-49EB-BBF4-20055DDD4C35}.Release|Any CPU.Build.0 = Release|Any CPU
		{AE1C9FC4-689D-4AED-968B-BD008DD8AB49}.Debug|Any CPU.ActiveCfg = Debug|Any CPU
		{AE1C9FC4-689D-4AED-968B-BD008DD8AB49}.Debug|Any CPU.Build.0 = Debug|Any CPU
		{AE1C9FC4-689D-4AED-968B-BD008DD8AB49}.Release|Any CPU.ActiveCfg = Release|Any CPU
		{AE1C9FC4-689D-4AED-968B-BD008DD8AB49}.Release|Any CPU.Build.0 = Release|Any CPU
		{8A68D5B2-1093-4C31-9E66-27CFFDB1A2A0}.Debug|Any CPU.ActiveCfg = Debug|Any CPU
		{8A68D5B2-1093-4C31-9E66-27CFFDB1A2A0}.Debug|Any CPU.Build.0 = Debug|Any CPU
		{8A68D5B2-1093-4C31-9E66-27CFFDB1A2A0}.Release|Any CPU.ActiveCfg = Release|Any CPU
		{8A68D5B2-1093-4C31-9E66-27CFFDB1A2A0}.Release|Any CPU.Build.0 = Release|Any CPU
		{F244E819-DEAF-4B36-9C72-4CA154CB3A64}.Debug|Any CPU.ActiveCfg = Debug|Any CPU
		{F244E819-DEAF-4B36-9C72-4CA154CB3A64}.Debug|Any CPU.Build.0 = Debug|Any CPU
		{F244E819-DEAF-4B36-9C72-4CA154CB3A64}.Release|Any CPU.ActiveCfg = Release|Any CPU
		{F244E819-DEAF-4B36-9C72-4CA154CB3A64}.Release|Any CPU.Build.0 = Release|Any CPU
		{38A57A76-52F9-48B8-B5D6-DD4088CB2E89}.Debug|Any CPU.ActiveCfg = Debug|Any CPU
		{38A57A76-52F9-48B8-B5D6-DD4088CB2E89}.Debug|Any CPU.Build.0 = Debug|Any CPU
		{38A57A76-52F9-48B8-B5D6-DD4088CB2E89}.Release|Any CPU.ActiveCfg = Release|Any CPU
		{38A57A76-52F9-48B8-B5D6-DD4088CB2E89}.Release|Any CPU.Build.0 = Release|Any CPU
		{2432285C-32B4-47E3-B0DF-A264489CE7E9}.Debug|Any CPU.ActiveCfg = Debug|Any CPU
		{2432285C-32B4-47E3-B0DF-A264489CE7E9}.Debug|Any CPU.Build.0 = Debug|Any CPU
		{2432285C-32B4-47E3-B0DF-A264489CE7E9}.Release|Any CPU.ActiveCfg = Release|Any CPU
		{2432285C-32B4-47E3-B0DF-A264489CE7E9}.Release|Any CPU.Build.0 = Release|Any CPU
		{575636E4-CD1E-4F09-996F-272CC327E472}.Debug|Any CPU.ActiveCfg = Debug|Any CPU
		{575636E4-CD1E-4F09-996F-272CC327E472}.Debug|Any CPU.Build.0 = Debug|Any CPU
		{575636E4-CD1E-4F09-996F-272CC327E472}.Release|Any CPU.ActiveCfg = Release|Any CPU
		{575636E4-CD1E-4F09-996F-272CC327E472}.Release|Any CPU.Build.0 = Release|Any CPU
		{6A958646-9CFE-4B8D-9C0B-767879807F01}.Debug|Any CPU.ActiveCfg = Debug|Any CPU
		{6A958646-9CFE-4B8D-9C0B-767879807F01}.Debug|Any CPU.Build.0 = Debug|Any CPU
		{6A958646-9CFE-4B8D-9C0B-767879807F01}.Release|Any CPU.ActiveCfg = Release|Any CPU
		{6A958646-9CFE-4B8D-9C0B-767879807F01}.Release|Any CPU.Build.0 = Release|Any CPU
		{E40C178A-4196-4351-B33B-5880869A5B50}.Debug|Any CPU.ActiveCfg = Debug|Any CPU
		{E40C178A-4196-4351-B33B-5880869A5B50}.Debug|Any CPU.Build.0 = Debug|Any CPU
		{E40C178A-4196-4351-B33B-5880869A5B50}.Release|Any CPU.ActiveCfg = Release|Any CPU
		{E40C178A-4196-4351-B33B-5880869A5B50}.Release|Any CPU.Build.0 = Release|Any CPU
		{B5A7F9BF-1C13-44E1-B5F4-D6B0FB696F0F}.Debug|Any CPU.ActiveCfg = Debug|Any CPU
		{B5A7F9BF-1C13-44E1-B5F4-D6B0FB696F0F}.Debug|Any CPU.Build.0 = Debug|Any CPU
		{B5A7F9BF-1C13-44E1-B5F4-D6B0FB696F0F}.Release|Any CPU.ActiveCfg = Release|Any CPU
		{B5A7F9BF-1C13-44E1-B5F4-D6B0FB696F0F}.Release|Any CPU.Build.0 = Release|Any CPU
		{57AC942C-E0AE-45BA-AC05-C70C8C8EFDED}.Debug|Any CPU.ActiveCfg = Debug|Any CPU
		{57AC942C-E0AE-45BA-AC05-C70C8C8EFDED}.Debug|Any CPU.Build.0 = Debug|Any CPU
		{57AC942C-E0AE-45BA-AC05-C70C8C8EFDED}.Release|Any CPU.ActiveCfg = Release|Any CPU
		{57AC942C-E0AE-45BA-AC05-C70C8C8EFDED}.Release|Any CPU.Build.0 = Release|Any CPU
		{5378ED02-43AD-4187-93AF-DE937A6BEE3A}.Debug|Any CPU.ActiveCfg = Debug|Any CPU
		{5378ED02-43AD-4187-93AF-DE937A6BEE3A}.Debug|Any CPU.Build.0 = Debug|Any CPU
		{5378ED02-43AD-4187-93AF-DE937A6BEE3A}.Release|Any CPU.ActiveCfg = Release|Any CPU
		{5378ED02-43AD-4187-93AF-DE937A6BEE3A}.Release|Any CPU.Build.0 = Release|Any CPU
	EndGlobalSection
	GlobalSection(SolutionProperties) = preSolution
		HideSolutionNode = FALSE
	EndGlobalSection
	GlobalSection(ExtensibilityGlobals) = postSolution
		SolutionGuid = {E25B302E-0F29-4A24-B570-8F891F0C09BE}
	EndGlobalSection
EndGlobal
